<?xml version="1.0" encoding="utf-8"?>
<Project ToolsVersion="4.0" xmlns="http://schemas.microsoft.com/developer/msbuild/2003">
  <ItemGroup>
    <ClCompile Include="test.cpp" />
    <ClCompile Include="pch.cpp" />
  </ItemGroup>
  <ItemGroup>
    <ClInclude Include="pch.h" />
    <ClInclude Include="phase1.hpp" />
    <ClInclude Include="phase2.hpp" />
    <ClInclude Include="import.hpp">
      <Filter>CandiLanguage</Filter>
    </ClInclude>
    <ClInclude Include="char_traits.hpp">
      <Filter>CandiLanguage</Filter>
    </ClInclude>
    <ClInclude Include="global_typedef.hpp">
      <Filter>CandiLanguage</Filter>
    </ClInclude>
    <ClInclude Include="tokenizer.hpp">
      <Filter>CandiLanguage</Filter>
    </ClInclude>
    <ClInclude Include="token.hpp">
      <Filter>CandiLanguage</Filter>
    </ClInclude>
    <ClInclude Include="statement.hpp">
      <Filter>CandiLanguage</Filter>
    </ClInclude>
    <ClInclude Include="parser.hpp">
      <Filter>CandiLanguage</Filter>
    </ClInclude>
    <ClInclude Include="syntax_traits.hpp">
      <Filter>CandiLanguage</Filter>
    </ClInclude>
    <ClInclude Include="sanitizer.hpp">
      <Filter>CandiLanguage</Filter>
    </ClInclude>
    <ClInclude Include="parser_typetable.hpp">
      <Filter>CandiLanguage</Filter>
    </ClInclude>
    <ClInclude Include="parser_literaltable.hpp">
      <Filter>CandiLanguage</Filter>
    </ClInclude>
    <ClInclude Include="candi\operator_table.hpp">
      <Filter>CandiLanguage</Filter>
    </ClInclude>
  </ItemGroup>
  <ItemGroup>
    <None Include="candi\basic.cil" />
    <None Include="candi\minimum_program.cil" />
    <None Include="candi\string_literal.cil" />
    <None Include="packages.config" />
    <None Include="candi\csl_langtools.cil" />
  </ItemGroup>
  <ItemGroup>
    <Filter Include="CandiLanguage">
      <UniqueIdentifier>{42611921-c84d-416e-8a94-7fc74d2ed0d2}</UniqueIdentifier>
    </Filter>
  </ItemGroup>
</Project>