<?xml version="1.0" encoding="utf-8"?>
<Project ToolsVersion="4.0" xmlns="http://schemas.microsoft.com/developer/msbuild/2003">
  <ItemGroup>
    <ClCompile Include="test.cpp" />
    <ClCompile Include="pch.cpp" />
  </ItemGroup>
  <ItemGroup>
    <ClInclude Include="pch.h" />
    <ClInclude Include="transpiler.hpp">
      <Filter>transpilation</Filter>
    </ClInclude>
    <ClInclude Include="any_type_ptr.hpp">
      <Filter>candi_language_cpp</Filter>
    </ClInclude>
    <ClInclude Include="candi_main.hpp">
      <Filter>candi_main</Filter>
    </ClInclude>
    <ClInclude Include="syntax_traits.hpp" />
    <ClInclude Include="parser_utils.hpp" />
    <ClInclude Include="ast_node.hpp" />
    <ClInclude Include="char_traits.hpp" />
    <ClInclude Include="parser.hpp" />
    <ClInclude Include="token.hpp" />
    <ClInclude Include="tokenizer.hpp" />
    <ClInclude Include="constant_evaluator.hpp" />
  </ItemGroup>
  <ItemGroup>
    <Filter Include="transpilation">
      <UniqueIdentifier>{ce608db0-5127-4cd2-84e1-6769d11b48cd}</UniqueIdentifier>
    </Filter>
    <Filter Include="candi_language_cpp">
      <UniqueIdentifier>{b71d143a-99af-4830-800e-84f48b005244}</UniqueIdentifier>
    </Filter>
    <Filter Include="candi_main">
      <UniqueIdentifier>{8543f2b3-aaf7-4a06-9af8-490d3ed0a255}</UniqueIdentifier>
    </Filter>
    <Filter Include="candi_test_scripts">
      <UniqueIdentifier>{d3bded1e-9076-412c-b976-59c00b713152}</UniqueIdentifier>
    </Filter>
  </ItemGroup>
  <ItemGroup>
    <None Include="transpiler_test.candi">
      <Filter>candi_test_scripts</Filter>
    </None>
    <None Include="parser_test.candi">
      <Filter>candi_test_scripts</Filter>
    </None>
    <None Include="lexer_test.candi">
      <Filter>candi_test_scripts</Filter>
    </None>
    <None Include="parser_unit_test_0_basic_node.candi">
      <Filter>candi_test_scripts</Filter>
    </None>
    <None Include="parser_unit_test_0_scopes.candi">
      <Filter>candi_test_scripts</Filter>
    </None>
    <None Include="parser_unit_test_0_statements.candi">
      <Filter>candi_test_scripts</Filter>
    </None>
    <None Include="parser_unit_test_0_primary_expr.candi">
      <Filter>candi_test_scripts</Filter>
    </None>
    <None Include="parser_unit_test_0_basic_statement.candi">
      <Filter>candi_test_scripts</Filter>
    </None>
    <None Include="parser_unit_test_0_function.candi">
      <Filter>candi_test_scripts</Filter>
    </None>
    <None Include="parser_unit_test_0_classes.candi">
      <Filter>candi_test_scripts</Filter>
    </None>
    <None Include="tokenizer.candi">
      <Filter>candi_test_scripts</Filter>
    </None>
    <None Include="packages.config" />
    <None Include="parser_unit_test_0_minimum_program.candi">
      <Filter>candi_test_scripts</Filter>
    </None>
    <None Include="ut0_CaocoTokenizer_Tokens.candi">
      <Filter>candi_test_scripts</Filter>
    </None>
  </ItemGroup>
</Project>