<?xml version="1.0" encoding="utf-8"?>
<Project ToolsVersion="4.0" xmlns="http://schemas.microsoft.com/developer/msbuild/2003">
  <ItemGroup>
    <ClCompile Include="test.cpp" />
    <ClCompile Include="pch.cpp" />
  </ItemGroup>
  <ItemGroup>
    <ClInclude Include="candil.hpp" />
    <ClInclude Include="candil_main.hpp" />
    <ClInclude Include="pch.h" />
    <ClInclude Include="resource.h" />
    <ClInclude Include="constants.hpp">
      <Filter>candi_language</Filter>
    </ClInclude>
    <ClInclude Include="meta.hpp">
      <Filter>candi_language</Filter>
    </ClInclude>
    <ClInclude Include="phase1.hpp">
      <Filter>candi_language</Filter>
    </ClInclude>
    <ClInclude Include="phase2.hpp" />
  </ItemGroup>
  <ItemGroup>
    <ResourceCompile Include="CandiLanguage.rc" />
  </ItemGroup>
  <ItemGroup>
    <None Include="candilco.bin" />
    <None Include="packages.config" />
  </ItemGroup>
  <ItemGroup>
    <Filter Include="candi_language">
      <UniqueIdentifier>{22e41a03-9773-428c-babd-e9c021671ea6}</UniqueIdentifier>
    </Filter>
  </ItemGroup>
</Project>