<?xml version="1.0" encoding="utf-8"?>
<Project ToolsVersion="4.0" xmlns="http://schemas.microsoft.com/developer/msbuild/2003">
  <ItemGroup>
    <Filter Include="Source Files">
      <UniqueIdentifier>{4FC737F1-C7A5-4376-A066-2A32D752A2FF}</UniqueIdentifier>
      <Extensions>cpp;c;cc;cxx;c++;cppm;ixx;def;odl;idl;hpj;bat;asm;asmx</Extensions>
    </Filter>
    <Filter Include="Header Files">
      <UniqueIdentifier>{93995380-89BD-4b04-88EB-625FBE52EBFB}</UniqueIdentifier>
      <Extensions>h;hh;hpp;hxx;h++;hm;inl;inc;ipp;xsd</Extensions>
    </Filter>
    <Filter Include="Resource Files">
      <UniqueIdentifier>{67DA6AB6-F800-4c08-8B7A-83BB121AAD01}</UniqueIdentifier>
      <Extensions>rc;ico;cur;bmp;dlg;rc2;rct;bin;rgs;gif;jpg;jpeg;jpe;resx;tiff;tif;png;wav;mfcribbon-ms</Extensions>
    </Filter>
    <Filter Include="Header Files\castd">
      <UniqueIdentifier>{45a10870-b959-4da6-8e77-291fc22c710d}</UniqueIdentifier>
    </Filter>
    <Filter Include="Header Files\unit_tests">
      <UniqueIdentifier>{219ab0d6-040b-4b8e-bdba-d98a2bdec2df}</UniqueIdentifier>
    </Filter>
    <Filter Include="Header Files\common">
      <UniqueIdentifier>{59e7d3f1-1d9c-4eba-bbc7-826313df67a9}</UniqueIdentifier>
    </Filter>
    <Filter Include="Header Files\compiler">
      <UniqueIdentifier>{be67b7ae-edfb-430a-9d16-44a31b4674dc}</UniqueIdentifier>
    </Filter>
    <Filter Include="Header Files\minitest">
      <UniqueIdentifier>{0865d097-72d0-4d3c-8721-ca9b515db047}</UniqueIdentifier>
    </Filter>
    <Filter Include="Header Files\cand_lang">
      <UniqueIdentifier>{26055dae-099d-46b6-92a0-2b149af70d73}</UniqueIdentifier>
    </Filter>
  </ItemGroup>
  <ItemGroup>
    <ClCompile Include="caoco.cc">
      <Filter>Source Files</Filter>
    </ClCompile>
    <ClCompile Include="cand_syntax.cc">
      <Filter>Source Files</Filter>
    </ClCompile>
  </ItemGroup>
  <ItemGroup>
    <ClInclude Include="import_stl.h">
      <Filter>Header Files\castd</Filter>
    </ClInclude>
    <ClInclude Include="minitest.h">
      <Filter>Header Files</Filter>
    </ClInclude>
    <ClInclude Include="expected.h">
      <Filter>Header Files\castd</Filter>
    </ClInclude>
    <ClInclude Include="ut0_expected.h">
      <Filter>Header Files\unit_tests</Filter>
    </ClInclude>
    <ClInclude Include="system_io.h">
      <Filter>Header Files\castd</Filter>
    </ClInclude>
    <ClInclude Include="ut0_system_io.h">
      <Filter>Header Files\unit_tests</Filter>
    </ClInclude>
    <ClInclude Include="cand_char_traits.h">
      <Filter>Header Files\common</Filter>
    </ClInclude>
    <ClInclude Include="cand_syntax.h">
      <Filter>Header Files\common</Filter>
    </ClInclude>
    <ClInclude Include="compiler_error.h">
      <Filter>Header Files\common</Filter>
    </ClInclude>
    <ClInclude Include="token_cursor.h">
      <Filter>Header Files\common</Filter>
    </ClInclude>
    <ClInclude Include="string_constant.h">
      <Filter>Header Files\castd</Filter>
    </ClInclude>
    <ClInclude Include="token_scope.h">
      <Filter>Header Files\common</Filter>
    </ClInclude>
    <ClInclude Include="lexer.h">
      <Filter>Header Files\compiler</Filter>
    </ClInclude>
    <ClInclude Include="ut0_lexer.h">
      <Filter>Header Files\unit_tests</Filter>
    </ClInclude>
    <ClInclude Include="ut0_token_scope.h">
      <Filter>Header Files\unit_tests</Filter>
    </ClInclude>
    <ClInclude Include="minitest_flags.h">
      <Filter>Header Files\minitest</Filter>
    </ClInclude>
    <ClInclude Include="minitest_util.h">
      <Filter>Header Files\minitest</Filter>
    </ClInclude>
    <ClInclude Include="minitest_pch.h">
      <Filter>Header Files\minitest</Filter>
    </ClInclude>
    <ClInclude Include="lark_parser.h">
      <Filter>Header Files\compiler</Filter>
    </ClInclude>
    <ClInclude Include="token_closure.h">
      <Filter>Header Files\common</Filter>
    </ClInclude>
    <ClInclude Include="ast_frame.h">
      <Filter>Header Files\common</Filter>
    </ClInclude>
    <ClInclude Include="ut0_parser_basics.h">
      <Filter>Header Files\unit_tests</Filter>
    </ClInclude>
    <ClInclude Include="cand_lang.h">
      <Filter>Header Files\cand_lang</Filter>
    </ClInclude>
    <ClInclude Include="identifier_table.h">
      <Filter>Header Files\cand_lang</Filter>
    </ClInclude>
    <ClInclude Include="dynamic_ptr.h">
      <Filter>Header Files\castd</Filter>
    </ClInclude>
    <ClInclude Include="ut0_runtime.h">
      <Filter>Header Files\unit_tests</Filter>
    </ClInclude>
    <ClInclude Include="ir_codegen.h">
      <Filter>Header Files\compiler</Filter>
    </ClInclude>
    <ClInclude Include="cand_grammar.h">
      <Filter>Header Files\common</Filter>
    </ClInclude>
    <ClInclude Include="compiler_enum.h">
      <Filter>Header Files\common</Filter>
    </ClInclude>
    <ClInclude Include="tk_traits.h">
      <Filter>Header Files\common</Filter>
    </ClInclude>
    <ClInclude Include="token.h">
      <Filter>Header Files\common</Filter>
    </ClInclude>
    <ClInclude Include="ast.h">
      <Filter>Header Files\common</Filter>
    </ClInclude>
    <ClInclude Include="evaluator.h">
      <Filter>Header Files\compiler</Filter>
    </ClInclude>
    <ClInclude Include="rt_val.h">
      <Filter>Header Files\common</Filter>
    </ClInclude>
  </ItemGroup>
  <ItemGroup>
    <None Include="cpp.hint" />
    <None Include="ut0_system_io_utc0.candi">
      <Filter>Header Files</Filter>
    </None>
    <None Include="animal_sounds1.cand" />
    <None Include="hello_world.cand">
      <Filter>Header Files</Filter>
    </None>
    <None Include="variable_decl.cand">
      <Filter>Header Files</Filter>
    </None>
  </ItemGroup>
</Project>